Microsoft Visual Studio Solution File, Format Version 12.00
# Visual Studio Version 17
Project("{FAE04EC0-301F-11D3-BF4B-00C04F79EFBC}") = "InvestmentTracker.Api", "InvestmentTracker.Api\InvestmentTracker.Api.csproj", "{8E3A2A9F-5B1C-4D2A-9E2B-A1B2C3D4E5F6}"
EndProject
Project("{FAE04EC0-301F-11D3-BF4B-00C04F79EFBC}") = "InvestmentTracker.Tests", "InvestmentTracker.Tests\InvestmentTracker.Tests.csproj", "{B1C2D3E4-F5A6-4B7C-8D9E-0F1A2B3C4D5E}"
EndProject
Global
	GlobalSection(SolutionConfigurationPlatforms) = preSolution
		Debug|Any CPU = Debug|Any CPU
		Release|Any CPU = Release|Any CPU
	EndGlobalSection
	GlobalSection(ProjectConfigurationPlatforms) = postSolution
		{8E3A2A9F-5B1C-4D2A-9E2B-A1B2C3D4E5F6}.Debug|Any CPU.ActiveCfg = Debug|Any CPU
		{8E3A2A9F-5B1C-4D2A-9E2B-A1B2C3D4E5F6}.Debug|Any CPU.Build.0 = Debug|Any CPU
		{8E3A2A9F-5B1C-4D2A-9E2B-A1B2C3D4E5F6}.Release|Any CPU.ActiveCfg = Release|Any CPU
		{8E3A2A9F-5B1C-4D2A-9E2B-A1B2C3D4E5F6}.Release|Any CPU.Build.0 = Release|Any CPU
		{B1C2D3E4-F5A6-4B7C-8D9E-0F1A2B3C4D5E}.Debug|Any CPU.ActiveCfg = Debug|Any CPU
		{B1C2D3E4-F5A6-4B7C-8D9E-0F1A2B3C4D5E}.Debug|Any CPU.Build.0 = Debug|Any CPU
		{B1C2D3E4-F5A6-4B7C-8D9E-0F1A2B3C4D5E}.Release|Any CPU.ActiveCfg = Release|Any CPU
		{B1C2D3E4-F5A6-4B7C-8D9E-0F1A2B3C4D5E}.Release|Any CPU.Build.0 = Release|Any CPU
	EndGlobalSection
EndGlobal
